<?xml version="1.0" encoding="utf-8"?>
<Project ToolsVersion="4.0" xmlns="http://schemas.microsoft.com/developer/msbuild/2003">
  <ItemGroup>
    <Filter Include="Shoonya">
      <UniqueIdentifier>{463391F3-B212-108F-BB2A-9B65278976F0}</UniqueIdentifier>
    </Filter>
  </ItemGroup>
  <ItemGroup>
    <ClInclude Include="src\Shoonya.h" />
    <ClInclude Include="src\Shoonya\Application.h">
      <Filter>Shoonya</Filter>
    </ClInclude>
    <ClInclude Include="src\Shoonya\Core.h">
      <Filter>Shoonya</Filter>
    </ClInclude>
    <ClInclude Include="src\Shoonya\EntryPoint.h">
      <Filter>Shoonya</Filter>
    </ClInclude>
    <ClInclude Include="src\Shoonya\Log.h" />
  </ItemGroup>
  <ItemGroup>
    <ClCompile Include="src\Shoonya\Application.cpp">
      <Filter>Shoonya</Filter>
    </ClCompile>
    <ClCompile Include="src\Shoonya\Log.cpp" />
  </ItemGroup>
</Project>